
Microsoft Visual Studio Solution File, Format Version 12.00
# Visual Studio 15
VisualStudioVersion = 15.0.27428.2011
MinimumVisualStudioVersion = 10.0.40219.1
Project("{FAE04EC0-301F-11D3-BF4B-00C04F79EFBC}") = "DataTypes-FleatpoinType", "DataTypes-FleatpoinType\DataTypes-FleatpoinType.csproj", "{CA7365AF-52EB-446C-A3D6-C4F5A292A324}"
EndProject
Global
	GlobalSection(SolutionConfigurationPlatforms) = preSolution
		Debug|Any CPU = Debug|Any CPU
		Release|Any CPU = Release|Any CPU
	EndGlobalSection
	GlobalSection(ProjectConfigurationPlatforms) = postSolution
		{CA7365AF-52EB-446C-A3D6-C4F5A292A324}.Debug|Any CPU.ActiveCfg = Debug|Any CPU
		{CA7365AF-52EB-446C-A3D6-C4F5A292A324}.Debug|Any CPU.Build.0 = Debug|Any CPU
		{CA7365AF-52EB-446C-A3D6-C4F5A292A324}.Release|Any CPU.ActiveCfg = Release|Any CPU
		{CA7365AF-52EB-446C-A3D6-C4F5A292A324}.Release|Any CPU.Build.0 = Release|Any CPU
	EndGlobalSection
	GlobalSection(SolutionProperties) = preSolution
		HideSolutionNode = FALSE
	EndGlobalSection
	GlobalSection(ExtensibilityGlobals) = postSolution
		SolutionGuid = {C0C85800-1162-409B-8785-AFBDE64BB4A4}
	EndGlobalSection
EndGlobal
